
Microsoft Visual Studio Solution File, Format Version 12.00
# Visual Studio 2013
VisualStudioVersion = 12.0.30723.0
MinimumVisualStudioVersion = 10.0.40219.1
Project("{FAE04EC0-301F-11D3-BF4B-00C04F79EFBC}") = "ReflectionTaskLibrary.45", "ReflectionTaskLibrary\ReflectionTaskLibrary.45.csproj", "{5AEC391A-3F88-4553-8F01-4D9524DB8ADF}"
EndProject
Project("{FAE04EC0-301F-11D3-BF4B-00C04F79EFBC}") = "ReflectionTaskLibrary.45.Tests", "ReflectionTaskLibrary.Tests\ReflectionTaskLibrary.45.Tests.csproj", "{8FF1A59F-D94A-4A2B-95CA-4A5370DEBCCA}"
EndProject
Project("{2150E333-8FDC-42A3-9474-1A3956D46DE8}") = "Solution Items", "Solution Items", "{1F35155B-9030-46F8-9809-389D9F5C29C4}"
	ProjectSection(SolutionItems) = preProject
		CodeCoverage.runsettings = CodeCoverage.runsettings
		LICENSE = LICENSE
		README.md = README.md
		ReflectionTaskLibrary.nuspec = ReflectionTaskLibrary.nuspec
	EndProjectSection
EndProject
Project("{FAE04EC0-301F-11D3-BF4B-00C04F79EFBC}") = "ReflectionTaskLibrary.35", "ReflectionTaskLibrary\ReflectionTaskLibrary.35.csproj", "{2821F470-FFB1-4270-8DC1-0C94E2CAC8D5}"
EndProject
Project("{FAE04EC0-301F-11D3-BF4B-00C04F79EFBC}") = "ReflectionTaskLibrary.35.Tests", "ReflectionTaskLibrary.Tests\ReflectionTaskLibrary.35.Tests.csproj", "{37B8908C-4D81-48AB-ACF7-00EBD62C2EB5}"
EndProject
Global
	GlobalSection(SolutionConfigurationPlatforms) = preSolution
		Debug|Any CPU = Debug|Any CPU
		Release|Any CPU = Release|Any CPU
	EndGlobalSection
	GlobalSection(ProjectConfigurationPlatforms) = postSolution
		{5AEC391A-3F88-4553-8F01-4D9524DB8ADF}.Debug|Any CPU.ActiveCfg = Debug|Any CPU
		{5AEC391A-3F88-4553-8F01-4D9524DB8ADF}.Debug|Any CPU.Build.0 = Debug|Any CPU
		{5AEC391A-3F88-4553-8F01-4D9524DB8ADF}.Release|Any CPU.ActiveCfg = Release|Any CPU
		{5AEC391A-3F88-4553-8F01-4D9524DB8ADF}.Release|Any CPU.Build.0 = Release|Any CPU
		{8FF1A59F-D94A-4A2B-95CA-4A5370DEBCCA}.Debug|Any CPU.ActiveCfg = Debug|Any CPU
		{8FF1A59F-D94A-4A2B-95CA-4A5370DEBCCA}.Debug|Any CPU.Build.0 = Debug|Any CPU
		{8FF1A59F-D94A-4A2B-95CA-4A5370DEBCCA}.Release|Any CPU.ActiveCfg = Release|Any CPU
		{8FF1A59F-D94A-4A2B-95CA-4A5370DEBCCA}.Release|Any CPU.Build.0 = Release|Any CPU
		{2821F470-FFB1-4270-8DC1-0C94E2CAC8D5}.Debug|Any CPU.ActiveCfg = Debug|Any CPU
		{2821F470-FFB1-4270-8DC1-0C94E2CAC8D5}.Debug|Any CPU.Build.0 = Debug|Any CPU
		{2821F470-FFB1-4270-8DC1-0C94E2CAC8D5}.Release|Any CPU.ActiveCfg = Release|Any CPU
		{2821F470-FFB1-4270-8DC1-0C94E2CAC8D5}.Release|Any CPU.Build.0 = Release|Any CPU
		{37B8908C-4D81-48AB-ACF7-00EBD62C2EB5}.Debug|Any CPU.ActiveCfg = Debug|Any CPU
		{37B8908C-4D81-48AB-ACF7-00EBD62C2EB5}.Debug|Any CPU.Build.0 = Debug|Any CPU
		{37B8908C-4D81-48AB-ACF7-00EBD62C2EB5}.Release|Any CPU.ActiveCfg = Release|Any CPU
		{37B8908C-4D81-48AB-ACF7-00EBD62C2EB5}.Release|Any CPU.Build.0 = Release|Any CPU
	EndGlobalSection
	GlobalSection(SolutionProperties) = preSolution
		HideSolutionNode = FALSE
	EndGlobalSection
EndGlobal
